
Microsoft Visual Studio Solution File, Format Version 11.00
# Visual Studio 2010
Project("{F184B08F-C81C-45F6-A57F-5ABD9991F28F}") = "CommiSystem", "CommiSystem\CommiSystem.vbproj", "{C4376CD2-DDBB-4519-87E1-247FB79A6DCC}"
EndProject
Global
	GlobalSection(SolutionConfigurationPlatforms) = preSolution
		Debug|x86 = Debug|x86
		Release|x86 = Release|x86
	EndGlobalSection
	GlobalSection(ProjectConfigurationPlatforms) = postSolution
		{C4376CD2-DDBB-4519-87E1-247FB79A6DCC}.Debug|x86.ActiveCfg = Debug|x86
		{C4376CD2-DDBB-4519-87E1-247FB79A6DCC}.Debug|x86.Build.0 = Debug|x86
		{C4376CD2-DDBB-4519-87E1-247FB79A6DCC}.Release|x86.ActiveCfg = Release|x86
		{C4376CD2-DDBB-4519-87E1-247FB79A6DCC}.Release|x86.Build.0 = Release|x86
	EndGlobalSection
	GlobalSection(SolutionProperties) = preSolution
		HideSolutionNode = FALSE
	EndGlobalSection
EndGlobal
